Microsoft Visual Studio Solution File, Format Version 12.00
# Visual Studio Version 17
VisualStudioVersion = 17.5.2.0
MinimumVisualStudioVersion = 10.0.40219.1
Project("{FAE04EC0-301F-11D3-BF4B-00C04F79EFBC}") = "StoxAPI", "Server\StoxAPI.csproj", "{DC9F0EB0-CC91-4CCD-9BA4-F7335017C453}"
EndProject
Global
	GlobalSection(SolutionConfigurationPlatforms) = preSolution
		Debug|Any CPU = Debug|Any CPU
		Release|Any CPU = Release|Any CPU
	EndGlobalSection
	GlobalSection(ProjectConfigurationPlatforms) = postSolution
		{DC9F0EB0-CC91-4CCD-9BA4-F7335017C453}.Debug|Any CPU.ActiveCfg = Debug|Any CPU
		{DC9F0EB0-CC91-4CCD-9BA4-F7335017C453}.Debug|Any CPU.Build.0 = Debug|Any CPU
		{DC9F0EB0-CC91-4CCD-9BA4-F7335017C453}.Release|Any CPU.ActiveCfg = Release|Any CPU
		{DC9F0EB0-CC91-4CCD-9BA4-F7335017C453}.Release|Any CPU.Build.0 = Release|Any CPU
	EndGlobalSection
	GlobalSection(SolutionProperties) = preSolution
		HideSolutionNode = FALSE
	EndGlobalSection
	GlobalSection(ExtensibilityGlobals) = postSolution
		SolutionGuid = {C369B0D3-43D8-4960-ADC2-0236C70055EC}
	EndGlobalSection
EndGlobal
